
Microsoft Visual Studio Solution File, Format Version 12.00
# Visual Studio Version 16
VisualStudioVersion = 16.0.31205.134
MinimumVisualStudioVersion = 10.0.40219.1
Project("{8BC9CEB8-8B4A-11D0-8D11-00A0C91BC942}") = "RunningSum", "RunningSum\RunningSum.vcxproj", "{BC38DC61-D01D-4784-8707-FC64396CE5DD}"
EndProject
Project("{8BC9CEB8-8B4A-11D0-8D11-00A0C91BC942}") = "ShuffleArray", "ShuffleArray\ShuffleArray.vcxproj", "{AEC75857-734F-41F4-BAD8-384884CDE8C5}"
EndProject
Project("{8BC9CEB8-8B4A-11D0-8D11-00A0C91BC942}") = "NestingDepth", "NestingDepth\NestingDepth.vcxproj", "{0AACDB45-F602-48C7-9A8D-38CCA727EB46}"
EndProject
Project("{8BC9CEB8-8B4A-11D0-8D11-00A0C91BC942}") = "SumOfAllOdLengthSubarrays", "SumOfAllOdLengthSubarrays\SumOfAllOdLengthSubarrays.vcxproj", "{7C81680A-245E-48DB-BB6D-34D9C583670D}"
EndProject
Project("{8BC9CEB8-8B4A-11D0-8D11-00A0C91BC942}") = "Logger", "Logger\Logger.vcxproj", "{B5CAF27A-0C33-4D74-AA31-176E8545934B}"
EndProject
Project("{8BC9CEB8-8B4A-11D0-8D11-00A0C91BC942}") = "ConverBinaryNumber", "ConverBinaryNumber\ConverBinaryNumber.vcxproj", "{8035704E-A2ED-4C74-9C83-832ECADED62D}"
EndProject
Project("{8BC9CEB8-8B4A-11D0-8D11-00A0C91BC942}") = "ReverseString", "ReverseString\ReverseString.vcxproj", "{2CD18ECA-3C9E-4444-B93A-D21F74197D54}"
EndProject
Project("{8BC9CEB8-8B4A-11D0-8D11-00A0C91BC942}") = "PeekIndex", "PeekIndex\PeekIndex.vcxproj", "{78528045-60C6-4191-8D99-83C015F7CD27}"
EndProject
Project("{8BC9CEB8-8B4A-11D0-8D11-00A0C91BC942}") = "SquaresOfSortedArray", "SquaresOfSortedArray\SquaresOfSortedArray.vcxproj", "{01C062C7-6AF9-4F7D-80D1-F0EFE40D32F0}"
EndProject
Project("{8BC9CEB8-8B4A-11D0-8D11-00A0C91BC942}") = "AdjacentDuplicate", "AdjacentDuplicate\AdjacentDuplicate.vcxproj", "{08AAA94F-1072-4253-92DE-70C66A8241A5}"
EndProject
Project("{8BC9CEB8-8B4A-11D0-8D11-00A0C91BC942}") = "ReverseVectorArray", "ReverseVectorArray\ReverseVectorArray.vcxproj", "{05D7F810-1EB5-40B0-989A-FFA73994FB67}"
EndProject
Project("{8BC9CEB8-8B4A-11D0-8D11-00A0C91BC942}") = "FizzBuzz", "FizzBuzz\FizzBuzz.vcxproj", "{4343F634-6F8E-4B6F-94C0-29F14CE09F2C}"
EndProject
Project("{8BC9CEB8-8B4A-11D0-8D11-00A0C91BC942}") = "MajorityElement", "MajorityElement\MajorityElement.vcxproj", "{4538CE8B-A50A-4DBD-9703-79B974CB2376}"
EndProject
Project("{8BC9CEB8-8B4A-11D0-8D11-00A0C91BC942}") = "ValidAnagram", "ValidAnagram\ValidAnagram.vcxproj", "{EAF5299F-16CB-4CF3-8992-412EB4F94B1E}"
EndProject
Project("{8BC9CEB8-8B4A-11D0-8D11-00A0C91BC942}") = "MoveZereos", "MoveZereos\MoveZereos.vcxproj", "{BE2273A4-799F-48BA-8386-35D0633B9B4A}"
EndProject
Project("{8BC9CEB8-8B4A-11D0-8D11-00A0C91BC942}") = "KidsWithCandies", "KidsWithCandies\KidsWithCandies.vcxproj", "{394BA43D-6D70-4345-95C4-FAE57DAB9710}"
EndProject
Project("{8BC9CEB8-8B4A-11D0-8D11-00A0C91BC942}") = "NumberOfGoodPairs", "NumberOfGoodPairs\NumberOfGoodPairs.vcxproj", "{2D229336-4A1D-442F-8768-97187C640D12}"
EndProject
Project("{8BC9CEB8-8B4A-11D0-8D11-00A0C91BC942}") = "SmallerNumbersThanCurrent", "SmallerNumbersThanCurrent\SmallerNumbersThanCurrent.vcxproj", "{4B8C0815-84BC-49D1-98ED-BBB911615D8C}"
EndProject
Project("{8BC9CEB8-8B4A-11D0-8D11-00A0C91BC942}") = "SplitIntoBalancedString", "SplitIntoBalancedString\SplitIntoBalancedString.vcxproj", "{3279880A-3012-46AB-9837-E4FD6DE5507C}"
EndProject
Project("{8BC9CEB8-8B4A-11D0-8D11-00A0C91BC942}") = "PalindromicLinkedList", "PalindromicLinkedList\PalindromicLinkedList.vcxproj", "{EEE2801D-A9B4-4C8B-83FA-544353154AF8}"
EndProject
Project("{8BC9CEB8-8B4A-11D0-8D11-00A0C91BC942}") = "IslandPerimeter", "IslandPerimeter\IslandPerimeter.vcxproj", "{DA4D3B5D-BA27-41D0-99C4-3DD6777E1D73}"
EndProject
Project("{8BC9CEB8-8B4A-11D0-8D11-00A0C91BC942}") = "isIsomorphic", "isIsomorphic\isIsomorphic.vcxproj", "{3BB06B3C-C770-4041-92C1-0BFA80AECE11}"
EndProject
Project("{8BC9CEB8-8B4A-11D0-8D11-00A0C91BC942}") = "Test", "Test\Test.vcxproj", "{ABBB680F-50E3-4699-A08E-477B71615D1A}"
EndProject
Project("{8BC9CEB8-8B4A-11D0-8D11-00A0C91BC942}") = "MeetingRooms", "MeetingRooms\MeetingRooms.vcxproj", "{2AFE7177-2A36-46E6-BEC8-E78BD5D99350}"
EndProject
Project("{8BC9CEB8-8B4A-11D0-8D11-00A0C91BC942}") = "FrequencySort", "FrequencySort\FrequencySort.vcxproj", "{4AB17FCC-C35F-4975-BE0A-4D42FB4304D8}"
EndProject
Project("{8BC9CEB8-8B4A-11D0-8D11-00A0C91BC942}") = "SumOfLeftLeaves", "SumOfLeftLeaves\SumOfLeftLeaves.vcxproj", "{D7868B81-68AD-416D-B2D0-7FCD2ABFC74C}"
EndProject
Project("{8BC9CEB8-8B4A-11D0-8D11-00A0C91BC942}") = "Utilities", "Utilities\Utilities.vcxproj", "{E1DD2E47-1BA9-4B36-8043-0CC2E69E97DE}"
EndProject
Project("{8BC9CEB8-8B4A-11D0-8D11-00A0C91BC942}") = "MinTimeToVisitAllPoints", "MinTimeToVisitAllPoints\MinTimeToVisitAllPoints.vcxproj", "{4BFA5448-6857-402B-8203-4C46C9C1AF33}"
EndProject
Project("{8BC9CEB8-8B4A-11D0-8D11-00A0C91BC942}") = "MinimumAbsoluteDifference", "MinimumAbsoluteDifference\MinimumAbsoluteDifference.vcxproj", "{9FE86DE8-530C-433C-B880-F9FD2DA12F45}"
EndProject
Project("{8BC9CEB8-8B4A-11D0-8D11-00A0C91BC942}") = "twoSumSorted", "twoSumSorted\twoSumSorted.vcxproj", "{11EF83FC-71C5-4E51-AAD2-9EECAA39C571}"
EndProject
Project("{8BC9CEB8-8B4A-11D0-8D11-00A0C91BC942}") = "TwoSumButBinaryTree", "TwoSumButBinaryTree\TwoSumButBinaryTree.vcxproj", "{D9E2692D-7CA4-4DAB-A8D2-93FDF98D29AC}"
EndProject
Project("{8BC9CEB8-8B4A-11D0-8D11-00A0C91BC942}") = "DiameterOfBinaryTree", "DiameterOfBinaryTree\DiameterOfBinaryTree.vcxproj", "{1F48844A-E9CC-4766-AD96-708E768BBE9F}"
EndProject
Project("{8BC9CEB8-8B4A-11D0-8D11-00A0C91BC942}") = "SearchInsertPosistion", "SearchInsertPosistion\SearchInsertPosistion.vcxproj", "{393DD49E-58DE-4B21-B604-287B3AFF178D}"
EndProject
Project("{8BC9CEB8-8B4A-11D0-8D11-00A0C91BC942}") = "FastFibonacci", "FastFibonacci\FastFibonacci.vcxproj", "{319F6E52-A811-4BCB-9DBA-9D345746CCA6}"
EndProject
Project("{8BC9CEB8-8B4A-11D0-8D11-00A0C91BC942}") = "LastStoneWeight", "LastStoneWeight\LastStoneWeight.vcxproj", "{49E82D99-6DDC-4421-A1AF-1A3A2C382CB7}"
EndProject
Project("{8BC9CEB8-8B4A-11D0-8D11-00A0C91BC942}") = "Cloest distance", "Cloest distance\Cloest distance.vcxproj", "{5DB8CFA7-A26D-4156-9008-586D0417465E}"
EndProject
Project("{8BC9CEB8-8B4A-11D0-8D11-00A0C91BC942}") = "SummaryRanges", "SummaryRanges\SummaryRanges.vcxproj", "{82BCC762-C4BF-4142-883B-5EE01371CCE2}"
EndProject
Project("{8BC9CEB8-8B4A-11D0-8D11-00A0C91BC942}") = "AllPathsFromSourceToTarget", "AllPathsFromSourceToTarget\AllPathsFromSourceToTarget.vcxproj", "{B13AF7CA-B128-4B00-91DD-AE27424D8804}"
EndProject
Project("{8BC9CEB8-8B4A-11D0-8D11-00A0C91BC942}") = "CandyCrush1D", "CandyCrush1D\CandyCrush1D.vcxproj", "{450C3783-9060-4D27-BE3E-2B0A89A014A8}"
EndProject
Project("{8BC9CEB8-8B4A-11D0-8D11-00A0C91BC942}") = "BrowserHistory", "BrowserHistory\BrowserHistory.vcxproj", "{36839AE7-EB1C-487B-AB5F-B35E883E2A0F}"
EndProject
Project("{8BC9CEB8-8B4A-11D0-8D11-00A0C91BC942}") = "SortIntegersByPower", "SortIntegersByPower\SortIntegersByPower.vcxproj", "{D484DBB0-1305-484A-8A3D-7E3379422DAB}"
EndProject
Project("{8BC9CEB8-8B4A-11D0-8D11-00A0C91BC942}") = "LetterTitlePossibilities", "LetterTitlePossibilities\LetterTitlePossibilities.vcxproj", "{0B02ED12-FEAD-4B51-AAD7-82D578EE5C6B}"
EndProject
Project("{8BC9CEB8-8B4A-11D0-8D11-00A0C91BC942}") = "MaxAreaIsland", "MaxAreaIsland\MaxAreaIsland.vcxproj", "{CFF2694D-D925-407D-89BF-3AD520DE7C8E}"
EndProject
Project("{8BC9CEB8-8B4A-11D0-8D11-00A0C91BC942}") = "KillProcess", "KillProcess\KillProcess.vcxproj", "{3A407FE5-1DE9-4211-B96A-E7C8EA06AD89}"
EndProject
Project("{8BC9CEB8-8B4A-11D0-8D11-00A0C91BC942}") = "FindingLeftMostElement", "FindingLeftMostElement\FindingLeftMostElement.vcxproj", "{9239CA4B-8B93-45C6-95E8-18BAB184D9DC}"
EndProject
Project("{8BC9CEB8-8B4A-11D0-8D11-00A0C91BC942}") = "CountSubstrings", "CountSubstrings\CountSubstrings.vcxproj", "{64A93823-58C9-4411-914A-EB7AD3210DD5}"
EndProject
Project("{8BC9CEB8-8B4A-11D0-8D11-00A0C91BC942}") = "TopKFrequent", "TopKFrequent\TopKFrequent.vcxproj", "{8F058993-C0EF-4CB1-90BD-DF3F724B7966}"
EndProject
Project("{8BC9CEB8-8B4A-11D0-8D11-00A0C91BC942}") = "CombinationSum2", "CombinationSum2\CombinationSum2.vcxproj", "{865EBBA5-7590-4445-88E8-1E89E689DA10}"
EndProject
Project("{8BC9CEB8-8B4A-11D0-8D11-00A0C91BC942}") = "TargetSum", "TargetSum\TargetSum.vcxproj", "{A0D413D9-F4DD-4B25-9688-EA8C8279ACE0}"
EndProject
Project("{8BC9CEB8-8B4A-11D0-8D11-00A0C91BC942}") = "RemoveDuplicatesK", "RemoveDuplicatesK\RemoveDuplicatesK.vcxproj", "{DC2CF2C5-1AC0-4462-B1B8-F0C025EB8526}"
EndProject
Project("{8BC9CEB8-8B4A-11D0-8D11-00A0C91BC942}") = "GenerateAllParentheses", "GenerateAllParentheses\GenerateAllParentheses.vcxproj", "{D82391CA-396A-4502-854D-59D6BF18E1A4}"
EndProject
Project("{8BC9CEB8-8B4A-11D0-8D11-00A0C91BC942}") = "CountTopKFrequentWords", "CountTopKFrequentWords\CountTopKFrequentWords.vcxproj", "{B4695A0D-F4E2-4C30-B295-B205C9A9DE70}"
EndProject
Project("{8BC9CEB8-8B4A-11D0-8D11-00A0C91BC942}") = "QuickSelectFindKthLargest", "QuickSelectFindKthLargest\QuickSelectFindKthLargest.vcxproj", "{504957AE-5D7E-46E4-BD91-8713A58A3BE6}"
EndProject
Project("{8BC9CEB8-8B4A-11D0-8D11-00A0C91BC942}") = "DeleteDuplicates", "DeleteDuplicates\DeleteDuplicates.vcxproj", "{3C9058D3-F1A7-455B-9519-10941AD53454}"
EndProject
Project("{8BC9CEB8-8B4A-11D0-8D11-00A0C91BC942}") = "HasPath", "HasPath\HasPath.vcxproj", "{8E55F051-FCD3-4642-96DD-FFDC119E0CDC}"
EndProject
Project("{8BC9CEB8-8B4A-11D0-8D11-00A0C91BC942}") = "MinSubArraySum", "MinSubArraySum\MinSubArraySum.vcxproj", "{D136251A-5ECF-4A38-AFF5-99D96D5EDA6A}"
EndProject
Project("{8BC9CEB8-8B4A-11D0-8D11-00A0C91BC942}") = "FlattenMulti", "FlattenMulti\FlattenMulti.vcxproj", "{7D4E3114-E798-476D-B9F4-4AEB26C768AA}"
EndProject
Global
	GlobalSection(SolutionConfigurationPlatforms) = preSolution
		Debug|x64 = Debug|x64
		Debug|x86 = Debug|x86
		Release|x64 = Release|x64
		Release|x86 = Release|x86
	EndGlobalSection
	GlobalSection(ProjectConfigurationPlatforms) = postSolution
		{BC38DC61-D01D-4784-8707-FC64396CE5DD}.Debug|x64.ActiveCfg = Debug|x64
		{BC38DC61-D01D-4784-8707-FC64396CE5DD}.Debug|x64.Build.0 = Debug|x64
		{BC38DC61-D01D-4784-8707-FC64396CE5DD}.Debug|x86.ActiveCfg = Debug|Win32
		{BC38DC61-D01D-4784-8707-FC64396CE5DD}.Debug|x86.Build.0 = Debug|Win32
		{BC38DC61-D01D-4784-8707-FC64396CE5DD}.Release|x64.ActiveCfg = Release|x64
		{BC38DC61-D01D-4784-8707-FC64396CE5DD}.Release|x64.Build.0 = Release|x64
		{BC38DC61-D01D-4784-8707-FC64396CE5DD}.Release|x86.ActiveCfg = Release|Win32
		{BC38DC61-D01D-4784-8707-FC64396CE5DD}.Release|x86.Build.0 = Release|Win32
		{AEC75857-734F-41F4-BAD8-384884CDE8C5}.Debug|x64.ActiveCfg = Debug|x64
		{AEC75857-734F-41F4-BAD8-384884CDE8C5}.Debug|x64.Build.0 = Debug|x64
		{AEC75857-734F-41F4-BAD8-384884CDE8C5}.Debug|x86.ActiveCfg = Debug|Win32
		{AEC75857-734F-41F4-BAD8-384884CDE8C5}.Debug|x86.Build.0 = Debug|Win32
		{AEC75857-734F-41F4-BAD8-384884CDE8C5}.Release|x64.ActiveCfg = Release|x64
		{AEC75857-734F-41F4-BAD8-384884CDE8C5}.Release|x64.Build.0 = Release|x64
		{AEC75857-734F-41F4-BAD8-384884CDE8C5}.Release|x86.ActiveCfg = Release|Win32
		{AEC75857-734F-41F4-BAD8-384884CDE8C5}.Release|x86.Build.0 = Release|Win32
		{0AACDB45-F602-48C7-9A8D-38CCA727EB46}.Debug|x64.ActiveCfg = Debug|x64
		{0AACDB45-F602-48C7-9A8D-38CCA727EB46}.Debug|x64.Build.0 = Debug|x64
		{0AACDB45-F602-48C7-9A8D-38CCA727EB46}.Debug|x86.ActiveCfg = Debug|Win32
		{0AACDB45-F602-48C7-9A8D-38CCA727EB46}.Debug|x86.Build.0 = Debug|Win32
		{0AACDB45-F602-48C7-9A8D-38CCA727EB46}.Release|x64.ActiveCfg = Release|x64
		{0AACDB45-F602-48C7-9A8D-38CCA727EB46}.Release|x64.Build.0 = Release|x64
		{0AACDB45-F602-48C7-9A8D-38CCA727EB46}.Release|x86.ActiveCfg = Release|Win32
		{0AACDB45-F602-48C7-9A8D-38CCA727EB46}.Release|x86.Build.0 = Release|Win32
		{7C81680A-245E-48DB-BB6D-34D9C583670D}.Debug|x64.ActiveCfg = Debug|x64
		{7C81680A-245E-48DB-BB6D-34D9C583670D}.Debug|x64.Build.0 = Debug|x64
		{7C81680A-245E-48DB-BB6D-34D9C583670D}.Debug|x86.ActiveCfg = Debug|Win32
		{7C81680A-245E-48DB-BB6D-34D9C583670D}.Debug|x86.Build.0 = Debug|Win32
		{7C81680A-245E-48DB-BB6D-34D9C583670D}.Release|x64.ActiveCfg = Release|x64
		{7C81680A-245E-48DB-BB6D-34D9C583670D}.Release|x64.Build.0 = Release|x64
		{7C81680A-245E-48DB-BB6D-34D9C583670D}.Release|x86.ActiveCfg = Release|Win32
		{7C81680A-245E-48DB-BB6D-34D9C583670D}.Release|x86.Build.0 = Release|Win32
		{B5CAF27A-0C33-4D74-AA31-176E8545934B}.Debug|x64.ActiveCfg = Debug|x64
		{B5CAF27A-0C33-4D74-AA31-176E8545934B}.Debug|x64.Build.0 = Debug|x64
		{B5CAF27A-0C33-4D74-AA31-176E8545934B}.Debug|x86.ActiveCfg = Debug|Win32
		{B5CAF27A-0C33-4D74-AA31-176E8545934B}.Debug|x86.Build.0 = Debug|Win32
		{B5CAF27A-0C33-4D74-AA31-176E8545934B}.Release|x64.ActiveCfg = Release|x64
		{B5CAF27A-0C33-4D74-AA31-176E8545934B}.Release|x64.Build.0 = Release|x64
		{B5CAF27A-0C33-4D74-AA31-176E8545934B}.Release|x86.ActiveCfg = Release|Win32
		{B5CAF27A-0C33-4D74-AA31-176E8545934B}.Release|x86.Build.0 = Release|Win32
		{8035704E-A2ED-4C74-9C83-832ECADED62D}.Debug|x64.ActiveCfg = Debug|x64
		{8035704E-A2ED-4C74-9C83-832ECADED62D}.Debug|x64.Build.0 = Debug|x64
		{8035704E-A2ED-4C74-9C83-832ECADED62D}.Debug|x86.ActiveCfg = Debug|Win32
		{8035704E-A2ED-4C74-9C83-832ECADED62D}.Debug|x86.Build.0 = Debug|Win32
		{8035704E-A2ED-4C74-9C83-832ECADED62D}.Release|x64.ActiveCfg = Release|x64
		{8035704E-A2ED-4C74-9C83-832ECADED62D}.Release|x64.Build.0 = Release|x64
		{8035704E-A2ED-4C74-9C83-832ECADED62D}.Release|x86.ActiveCfg = Release|Win32
		{8035704E-A2ED-4C74-9C83-832ECADED62D}.Release|x86.Build.0 = Release|Win32
		{2CD18ECA-3C9E-4444-B93A-D21F74197D54}.Debug|x64.ActiveCfg = Debug|x64
		{2CD18ECA-3C9E-4444-B93A-D21F74197D54}.Debug|x64.Build.0 = Debug|x64
		{2CD18ECA-3C9E-4444-B93A-D21F74197D54}.Debug|x86.ActiveCfg = Debug|Win32
		{2CD18ECA-3C9E-4444-B93A-D21F74197D54}.Debug|x86.Build.0 = Debug|Win32
		{2CD18ECA-3C9E-4444-B93A-D21F74197D54}.Release|x64.ActiveCfg = Release|x64
		{2CD18ECA-3C9E-4444-B93A-D21F74197D54}.Release|x64.Build.0 = Release|x64
		{2CD18ECA-3C9E-4444-B93A-D21F74197D54}.Release|x86.ActiveCfg = Release|Win32
		{2CD18ECA-3C9E-4444-B93A-D21F74197D54}.Release|x86.Build.0 = Release|Win32
		{78528045-60C6-4191-8D99-83C015F7CD27}.Debug|x64.ActiveCfg = Debug|x64
		{78528045-60C6-4191-8D99-83C015F7CD27}.Debug|x64.Build.0 = Debug|x64
		{78528045-60C6-4191-8D99-83C015F7CD27}.Debug|x86.ActiveCfg = Debug|Win32
		{78528045-60C6-4191-8D99-83C015F7CD27}.Debug|x86.Build.0 = Debug|Win32
		{78528045-60C6-4191-8D99-83C015F7CD27}.Release|x64.ActiveCfg = Release|x64
		{78528045-60C6-4191-8D99-83C015F7CD27}.Release|x64.Build.0 = Release|x64
		{78528045-60C6-4191-8D99-83C015F7CD27}.Release|x86.ActiveCfg = Release|Win32
		{78528045-60C6-4191-8D99-83C015F7CD27}.Release|x86.Build.0 = Release|Win32
		{01C062C7-6AF9-4F7D-80D1-F0EFE40D32F0}.Debug|x64.ActiveCfg = Debug|x64
		{01C062C7-6AF9-4F7D-80D1-F0EFE40D32F0}.Debug|x64.Build.0 = Debug|x64
		{01C062C7-6AF9-4F7D-80D1-F0EFE40D32F0}.Debug|x86.ActiveCfg = Debug|Win32
		{01C062C7-6AF9-4F7D-80D1-F0EFE40D32F0}.Debug|x86.Build.0 = Debug|Win32
		{01C062C7-6AF9-4F7D-80D1-F0EFE40D32F0}.Release|x64.ActiveCfg = Release|x64
		{01C062C7-6AF9-4F7D-80D1-F0EFE40D32F0}.Release|x64.Build.0 = Release|x64
		{01C062C7-6AF9-4F7D-80D1-F0EFE40D32F0}.Release|x86.ActiveCfg = Release|Win32
		{01C062C7-6AF9-4F7D-80D1-F0EFE40D32F0}.Release|x86.Build.0 = Release|Win32
		{08AAA94F-1072-4253-92DE-70C66A8241A5}.Debug|x64.ActiveCfg = Debug|x64
		{08AAA94F-1072-4253-92DE-70C66A8241A5}.Debug|x64.Build.0 = Debug|x64
		{08AAA94F-1072-4253-92DE-70C66A8241A5}.Debug|x86.ActiveCfg = Debug|Win32
		{08AAA94F-1072-4253-92DE-70C66A8241A5}.Debug|x86.Build.0 = Debug|Win32
		{08AAA94F-1072-4253-92DE-70C66A8241A5}.Release|x64.ActiveCfg = Release|x64
		{08AAA94F-1072-4253-92DE-70C66A8241A5}.Release|x64.Build.0 = Release|x64
		{08AAA94F-1072-4253-92DE-70C66A8241A5}.Release|x86.ActiveCfg = Release|Win32
		{08AAA94F-1072-4253-92DE-70C66A8241A5}.Release|x86.Build.0 = Release|Win32
		{05D7F810-1EB5-40B0-989A-FFA73994FB67}.Debug|x64.ActiveCfg = Debug|x64
		{05D7F810-1EB5-40B0-989A-FFA73994FB67}.Debug|x64.Build.0 = Debug|x64
		{05D7F810-1EB5-40B0-989A-FFA73994FB67}.Debug|x86.ActiveCfg = Debug|Win32
		{05D7F810-1EB5-40B0-989A-FFA73994FB67}.Debug|x86.Build.0 = Debug|Win32
		{05D7F810-1EB5-40B0-989A-FFA73994FB67}.Release|x64.ActiveCfg = Release|x64
		{05D7F810-1EB5-40B0-989A-FFA73994FB67}.Release|x64.Build.0 = Release|x64
		{05D7F810-1EB5-40B0-989A-FFA73994FB67}.Release|x86.ActiveCfg = Release|Win32
		{05D7F810-1EB5-40B0-989A-FFA73994FB67}.Release|x86.Build.0 = Release|Win32
		{4343F634-6F8E-4B6F-94C0-29F14CE09F2C}.Debug|x64.ActiveCfg = Debug|x64
		{4343F634-6F8E-4B6F-94C0-29F14CE09F2C}.Debug|x64.Build.0 = Debug|x64
		{4343F634-6F8E-4B6F-94C0-29F14CE09F2C}.Debug|x86.ActiveCfg = Debug|Win32
		{4343F634-6F8E-4B6F-94C0-29F14CE09F2C}.Debug|x86.Build.0 = Debug|Win32
		{4343F634-6F8E-4B6F-94C0-29F14CE09F2C}.Release|x64.ActiveCfg = Release|x64
		{4343F634-6F8E-4B6F-94C0-29F14CE09F2C}.Release|x64.Build.0 = Release|x64
		{4343F634-6F8E-4B6F-94C0-29F14CE09F2C}.Release|x86.ActiveCfg = Release|Win32
		{4343F634-6F8E-4B6F-94C0-29F14CE09F2C}.Release|x86.Build.0 = Release|Win32
		{4538CE8B-A50A-4DBD-9703-79B974CB2376}.Debug|x64.ActiveCfg = Debug|x64
		{4538CE8B-A50A-4DBD-9703-79B974CB2376}.Debug|x64.Build.0 = Debug|x64
		{4538CE8B-A50A-4DBD-9703-79B974CB2376}.Debug|x86.ActiveCfg = Debug|Win32
		{4538CE8B-A50A-4DBD-9703-79B974CB2376}.Debug|x86.Build.0 = Debug|Win32
		{4538CE8B-A50A-4DBD-9703-79B974CB2376}.Release|x64.ActiveCfg = Release|x64
		{4538CE8B-A50A-4DBD-9703-79B974CB2376}.Release|x64.Build.0 = Release|x64
		{4538CE8B-A50A-4DBD-9703-79B974CB2376}.Release|x86.ActiveCfg = Release|Win32
		{4538CE8B-A50A-4DBD-9703-79B974CB2376}.Release|x86.Build.0 = Release|Win32
		{EAF5299F-16CB-4CF3-8992-412EB4F94B1E}.Debug|x64.ActiveCfg = Debug|x64
		{EAF5299F-16CB-4CF3-8992-412EB4F94B1E}.Debug|x64.Build.0 = Debug|x64
		{EAF5299F-16CB-4CF3-8992-412EB4F94B1E}.Debug|x86.ActiveCfg = Debug|Win32
		{EAF5299F-16CB-4CF3-8992-412EB4F94B1E}.Debug|x86.Build.0 = Debug|Win32
		{EAF5299F-16CB-4CF3-8992-412EB4F94B1E}.Release|x64.ActiveCfg = Release|x64
		{EAF5299F-16CB-4CF3-8992-412EB4F94B1E}.Release|x64.Build.0 = Release|x64
		{EAF5299F-16CB-4CF3-8992-412EB4F94B1E}.Release|x86.ActiveCfg = Release|Win32
		{EAF5299F-16CB-4CF3-8992-412EB4F94B1E}.Release|x86.Build.0 = Release|Win32
		{BE2273A4-799F-48BA-8386-35D0633B9B4A}.Debug|x64.ActiveCfg = Debug|x64
		{BE2273A4-799F-48BA-8386-35D0633B9B4A}.Debug|x64.Build.0 = Debug|x64
		{BE2273A4-799F-48BA-8386-35D0633B9B4A}.Debug|x86.ActiveCfg = Debug|Win32
		{BE2273A4-799F-48BA-8386-35D0633B9B4A}.Debug|x86.Build.0 = Debug|Win32
		{BE2273A4-799F-48BA-8386-35D0633B9B4A}.Release|x64.ActiveCfg = Release|x64
		{BE2273A4-799F-48BA-8386-35D0633B9B4A}.Release|x64.Build.0 = Release|x64
		{BE2273A4-799F-48BA-8386-35D0633B9B4A}.Release|x86.ActiveCfg = Release|Win32
		{BE2273A4-799F-48BA-8386-35D0633B9B4A}.Release|x86.Build.0 = Release|Win32
		{394BA43D-6D70-4345-95C4-FAE57DAB9710}.Debug|x64.ActiveCfg = Debug|x64
		{394BA43D-6D70-4345-95C4-FAE57DAB9710}.Debug|x64.Build.0 = Debug|x64
		{394BA43D-6D70-4345-95C4-FAE57DAB9710}.Debug|x86.ActiveCfg = Debug|Win32
		{394BA43D-6D70-4345-95C4-FAE57DAB9710}.Debug|x86.Build.0 = Debug|Win32
		{394BA43D-6D70-4345-95C4-FAE57DAB9710}.Release|x64.ActiveCfg = Release|x64
		{394BA43D-6D70-4345-95C4-FAE57DAB9710}.Release|x64.Build.0 = Release|x64
		{394BA43D-6D70-4345-95C4-FAE57DAB9710}.Release|x86.ActiveCfg = Release|Win32
		{394BA43D-6D70-4345-95C4-FAE57DAB9710}.Release|x86.Build.0 = Release|Win32
		{2D229336-4A1D-442F-8768-97187C640D12}.Debug|x64.ActiveCfg = Debug|x64
		{2D229336-4A1D-442F-8768-97187C640D12}.Debug|x64.Build.0 = Debug|x64
		{2D229336-4A1D-442F-8768-97187C640D12}.Debug|x86.ActiveCfg = Debug|Win32
		{2D229336-4A1D-442F-8768-97187C640D12}.Debug|x86.Build.0 = Debug|Win32
		{2D229336-4A1D-442F-8768-97187C640D12}.Release|x64.ActiveCfg = Release|x64
		{2D229336-4A1D-442F-8768-97187C640D12}.Release|x64.Build.0 = Release|x64
		{2D229336-4A1D-442F-8768-97187C640D12}.Release|x86.ActiveCfg = Release|Win32
		{2D229336-4A1D-442F-8768-97187C640D12}.Release|x86.Build.0 = Release|Win32
		{4B8C0815-84BC-49D1-98ED-BBB911615D8C}.Debug|x64.ActiveCfg = Debug|x64
		{4B8C0815-84BC-49D1-98ED-BBB911615D8C}.Debug|x64.Build.0 = Debug|x64
		{4B8C0815-84BC-49D1-98ED-BBB911615D8C}.Debug|x86.ActiveCfg = Debug|Win32
		{4B8C0815-84BC-49D1-98ED-BBB911615D8C}.Debug|x86.Build.0 = Debug|Win32
		{4B8C0815-84BC-49D1-98ED-BBB911615D8C}.Release|x64.ActiveCfg = Release|x64
		{4B8C0815-84BC-49D1-98ED-BBB911615D8C}.Release|x64.Build.0 = Release|x64
		{4B8C0815-84BC-49D1-98ED-BBB911615D8C}.Release|x86.ActiveCfg = Release|Win32
		{4B8C0815-84BC-49D1-98ED-BBB911615D8C}.Release|x86.Build.0 = Release|Win32
		{3279880A-3012-46AB-9837-E4FD6DE5507C}.Debug|x64.ActiveCfg = Debug|x64
		{3279880A-3012-46AB-9837-E4FD6DE5507C}.Debug|x64.Build.0 = Debug|x64
		{3279880A-3012-46AB-9837-E4FD6DE5507C}.Debug|x86.ActiveCfg = Debug|Win32
		{3279880A-3012-46AB-9837-E4FD6DE5507C}.Debug|x86.Build.0 = Debug|Win32
		{3279880A-3012-46AB-9837-E4FD6DE5507C}.Release|x64.ActiveCfg = Release|x64
		{3279880A-3012-46AB-9837-E4FD6DE5507C}.Release|x64.Build.0 = Release|x64
		{3279880A-3012-46AB-9837-E4FD6DE5507C}.Release|x86.ActiveCfg = Release|Win32
		{3279880A-3012-46AB-9837-E4FD6DE5507C}.Release|x86.Build.0 = Release|Win32
		{EEE2801D-A9B4-4C8B-83FA-544353154AF8}.Debug|x64.ActiveCfg = Debug|x64
		{EEE2801D-A9B4-4C8B-83FA-544353154AF8}.Debug|x64.Build.0 = Debug|x64
		{EEE2801D-A9B4-4C8B-83FA-544353154AF8}.Debug|x86.ActiveCfg = Debug|Win32
		{EEE2801D-A9B4-4C8B-83FA-544353154AF8}.Debug|x86.Build.0 = Debug|Win32
		{EEE2801D-A9B4-4C8B-83FA-544353154AF8}.Release|x64.ActiveCfg = Release|x64
		{EEE2801D-A9B4-4C8B-83FA-544353154AF8}.Release|x64.Build.0 = Release|x64
		{EEE2801D-A9B4-4C8B-83FA-544353154AF8}.Release|x86.ActiveCfg = Release|Win32
		{EEE2801D-A9B4-4C8B-83FA-544353154AF8}.Release|x86.Build.0 = Release|Win32
		{DA4D3B5D-BA27-41D0-99C4-3DD6777E1D73}.Debug|x64.ActiveCfg = Debug|x64
		{DA4D3B5D-BA27-41D0-99C4-3DD6777E1D73}.Debug|x64.Build.0 = Debug|x64
		{DA4D3B5D-BA27-41D0-99C4-3DD6777E1D73}.Debug|x86.ActiveCfg = Debug|Win32
		{DA4D3B5D-BA27-41D0-99C4-3DD6777E1D73}.Debug|x86.Build.0 = Debug|Win32
		{DA4D3B5D-BA27-41D0-99C4-3DD6777E1D73}.Release|x64.ActiveCfg = Release|x64
		{DA4D3B5D-BA27-41D0-99C4-3DD6777E1D73}.Release|x64.Build.0 = Release|x64
		{DA4D3B5D-BA27-41D0-99C4-3DD6777E1D73}.Release|x86.ActiveCfg = Release|Win32
		{DA4D3B5D-BA27-41D0-99C4-3DD6777E1D73}.Release|x86.Build.0 = Release|Win32
		{3BB06B3C-C770-4041-92C1-0BFA80AECE11}.Debug|x64.ActiveCfg = Debug|x64
		{3BB06B3C-C770-4041-92C1-0BFA80AECE11}.Debug|x64.Build.0 = Debug|x64
		{3BB06B3C-C770-4041-92C1-0BFA80AECE11}.Debug|x86.ActiveCfg = Debug|Win32
		{3BB06B3C-C770-4041-92C1-0BFA80AECE11}.Debug|x86.Build.0 = Debug|Win32
		{3BB06B3C-C770-4041-92C1-0BFA80AECE11}.Release|x64.ActiveCfg = Release|x64
		{3BB06B3C-C770-4041-92C1-0BFA80AECE11}.Release|x64.Build.0 = Release|x64
		{3BB06B3C-C770-4041-92C1-0BFA80AECE11}.Release|x86.ActiveCfg = Release|Win32
		{3BB06B3C-C770-4041-92C1-0BFA80AECE11}.Release|x86.Build.0 = Release|Win32
		{ABBB680F-50E3-4699-A08E-477B71615D1A}.Debug|x64.ActiveCfg = Debug|x64
		{ABBB680F-50E3-4699-A08E-477B71615D1A}.Debug|x64.Build.0 = Debug|x64
		{ABBB680F-50E3-4699-A08E-477B71615D1A}.Debug|x86.ActiveCfg = Debug|Win32
		{ABBB680F-50E3-4699-A08E-477B71615D1A}.Debug|x86.Build.0 = Debug|Win32
		{ABBB680F-50E3-4699-A08E-477B71615D1A}.Release|x64.ActiveCfg = Release|x64
		{ABBB680F-50E3-4699-A08E-477B71615D1A}.Release|x64.Build.0 = Release|x64
		{ABBB680F-50E3-4699-A08E-477B71615D1A}.Release|x86.ActiveCfg = Release|Win32
		{ABBB680F-50E3-4699-A08E-477B71615D1A}.Release|x86.Build.0 = Release|Win32
		{2AFE7177-2A36-46E6-BEC8-E78BD5D99350}.Debug|x64.ActiveCfg = Debug|x64
		{2AFE7177-2A36-46E6-BEC8-E78BD5D99350}.Debug|x64.Build.0 = Debug|x64
		{2AFE7177-2A36-46E6-BEC8-E78BD5D99350}.Debug|x86.ActiveCfg = Debug|Win32
		{2AFE7177-2A36-46E6-BEC8-E78BD5D99350}.Debug|x86.Build.0 = Debug|Win32
		{2AFE7177-2A36-46E6-BEC8-E78BD5D99350}.Release|x64.ActiveCfg = Release|x64
		{2AFE7177-2A36-46E6-BEC8-E78BD5D99350}.Release|x64.Build.0 = Release|x64
		{2AFE7177-2A36-46E6-BEC8-E78BD5D99350}.Release|x86.ActiveCfg = Release|Win32
		{2AFE7177-2A36-46E6-BEC8-E78BD5D99350}.Release|x86.Build.0 = Release|Win32
		{4AB17FCC-C35F-4975-BE0A-4D42FB4304D8}.Debug|x64.ActiveCfg = Debug|x64
		{4AB17FCC-C35F-4975-BE0A-4D42FB4304D8}.Debug|x64.Build.0 = Debug|x64
		{4AB17FCC-C35F-4975-BE0A-4D42FB4304D8}.Debug|x86.ActiveCfg = Debug|Win32
		{4AB17FCC-C35F-4975-BE0A-4D42FB4304D8}.Debug|x86.Build.0 = Debug|Win32
		{4AB17FCC-C35F-4975-BE0A-4D42FB4304D8}.Release|x64.ActiveCfg = Release|x64
		{4AB17FCC-C35F-4975-BE0A-4D42FB4304D8}.Release|x64.Build.0 = Release|x64
		{4AB17FCC-C35F-4975-BE0A-4D42FB4304D8}.Release|x86.ActiveCfg = Release|Win32
		{4AB17FCC-C35F-4975-BE0A-4D42FB4304D8}.Release|x86.Build.0 = Release|Win32
		{D7868B81-68AD-416D-B2D0-7FCD2ABFC74C}.Debug|x64.ActiveCfg = Debug|x64
		{D7868B81-68AD-416D-B2D0-7FCD2ABFC74C}.Debug|x64.Build.0 = Debug|x64
		{D7868B81-68AD-416D-B2D0-7FCD2ABFC74C}.Debug|x86.ActiveCfg = Debug|Win32
		{D7868B81-68AD-416D-B2D0-7FCD2ABFC74C}.Debug|x86.Build.0 = Debug|Win32
		{D7868B81-68AD-416D-B2D0-7FCD2ABFC74C}.Release|x64.ActiveCfg = Release|x64
		{D7868B81-68AD-416D-B2D0-7FCD2ABFC74C}.Release|x64.Build.0 = Release|x64
		{D7868B81-68AD-416D-B2D0-7FCD2ABFC74C}.Release|x86.ActiveCfg = Release|Win32
		{D7868B81-68AD-416D-B2D0-7FCD2ABFC74C}.Release|x86.Build.0 = Release|Win32
		{E1DD2E47-1BA9-4B36-8043-0CC2E69E97DE}.Debug|x64.ActiveCfg = Debug|x64
		{E1DD2E47-1BA9-4B36-8043-0CC2E69E97DE}.Debug|x64.Build.0 = Debug|x64
		{E1DD2E47-1BA9-4B36-8043-0CC2E69E97DE}.Debug|x86.ActiveCfg = Debug|Win32
		{E1DD2E47-1BA9-4B36-8043-0CC2E69E97DE}.Debug|x86.Build.0 = Debug|Win32
		{E1DD2E47-1BA9-4B36-8043-0CC2E69E97DE}.Release|x64.ActiveCfg = Release|x64
		{E1DD2E47-1BA9-4B36-8043-0CC2E69E97DE}.Release|x64.Build.0 = Release|x64
		{E1DD2E47-1BA9-4B36-8043-0CC2E69E97DE}.Release|x86.ActiveCfg = Release|Win32
		{E1DD2E47-1BA9-4B36-8043-0CC2E69E97DE}.Release|x86.Build.0 = Release|Win32
		{4BFA5448-6857-402B-8203-4C46C9C1AF33}.Debug|x64.ActiveCfg = Debug|x64
		{4BFA5448-6857-402B-8203-4C46C9C1AF33}.Debug|x64.Build.0 = Debug|x64
		{4BFA5448-6857-402B-8203-4C46C9C1AF33}.Debug|x86.ActiveCfg = Debug|Win32
		{4BFA5448-6857-402B-8203-4C46C9C1AF33}.Debug|x86.Build.0 = Debug|Win32
		{4BFA5448-6857-402B-8203-4C46C9C1AF33}.Release|x64.ActiveCfg = Release|x64
		{4BFA5448-6857-402B-8203-4C46C9C1AF33}.Release|x64.Build.0 = Release|x64
		{4BFA5448-6857-402B-8203-4C46C9C1AF33}.Release|x86.ActiveCfg = Release|Win32
		{4BFA5448-6857-402B-8203-4C46C9C1AF33}.Release|x86.Build.0 = Release|Win32
		{9FE86DE8-530C-433C-B880-F9FD2DA12F45}.Debug|x64.ActiveCfg = Debug|x64
		{9FE86DE8-530C-433C-B880-F9FD2DA12F45}.Debug|x64.Build.0 = Debug|x64
		{9FE86DE8-530C-433C-B880-F9FD2DA12F45}.Debug|x86.ActiveCfg = Debug|Win32
		{9FE86DE8-530C-433C-B880-F9FD2DA12F45}.Debug|x86.Build.0 = Debug|Win32
		{9FE86DE8-530C-433C-B880-F9FD2DA12F45}.Release|x64.ActiveCfg = Release|x64
		{9FE86DE8-530C-433C-B880-F9FD2DA12F45}.Release|x64.Build.0 = Release|x64
		{9FE86DE8-530C-433C-B880-F9FD2DA12F45}.Release|x86.ActiveCfg = Release|Win32
		{9FE86DE8-530C-433C-B880-F9FD2DA12F45}.Release|x86.Build.0 = Release|Win32
		{11EF83FC-71C5-4E51-AAD2-9EECAA39C571}.Debug|x64.ActiveCfg = Debug|x64
		{11EF83FC-71C5-4E51-AAD2-9EECAA39C571}.Debug|x64.Build.0 = Debug|x64
		{11EF83FC-71C5-4E51-AAD2-9EECAA39C571}.Debug|x86.ActiveCfg = Debug|Win32
		{11EF83FC-71C5-4E51-AAD2-9EECAA39C571}.Debug|x86.Build.0 = Debug|Win32
		{11EF83FC-71C5-4E51-AAD2-9EECAA39C571}.Release|x64.ActiveCfg = Release|x64
		{11EF83FC-71C5-4E51-AAD2-9EECAA39C571}.Release|x64.Build.0 = Release|x64
		{11EF83FC-71C5-4E51-AAD2-9EECAA39C571}.Release|x86.ActiveCfg = Release|Win32
		{11EF83FC-71C5-4E51-AAD2-9EECAA39C571}.Release|x86.Build.0 = Release|Win32
		{D9E2692D-7CA4-4DAB-A8D2-93FDF98D29AC}.Debug|x64.ActiveCfg = Debug|x64
		{D9E2692D-7CA4-4DAB-A8D2-93FDF98D29AC}.Debug|x64.Build.0 = Debug|x64
		{D9E2692D-7CA4-4DAB-A8D2-93FDF98D29AC}.Debug|x86.ActiveCfg = Debug|Win32
		{D9E2692D-7CA4-4DAB-A8D2-93FDF98D29AC}.Debug|x86.Build.0 = Debug|Win32
		{D9E2692D-7CA4-4DAB-A8D2-93FDF98D29AC}.Release|x64.ActiveCfg = Release|x64
		{D9E2692D-7CA4-4DAB-A8D2-93FDF98D29AC}.Release|x64.Build.0 = Release|x64
		{D9E2692D-7CA4-4DAB-A8D2-93FDF98D29AC}.Release|x86.ActiveCfg = Release|Win32
		{D9E2692D-7CA4-4DAB-A8D2-93FDF98D29AC}.Release|x86.Build.0 = Release|Win32
		{1F48844A-E9CC-4766-AD96-708E768BBE9F}.Debug|x64.ActiveCfg = Debug|x64
		{1F48844A-E9CC-4766-AD96-708E768BBE9F}.Debug|x64.Build.0 = Debug|x64
		{1F48844A-E9CC-4766-AD96-708E768BBE9F}.Debug|x86.ActiveCfg = Debug|Win32
		{1F48844A-E9CC-4766-AD96-708E768BBE9F}.Debug|x86.Build.0 = Debug|Win32
		{1F48844A-E9CC-4766-AD96-708E768BBE9F}.Release|x64.ActiveCfg = Release|x64
		{1F48844A-E9CC-4766-AD96-708E768BBE9F}.Release|x64.Build.0 = Release|x64
		{1F48844A-E9CC-4766-AD96-708E768BBE9F}.Release|x86.ActiveCfg = Release|Win32
		{1F48844A-E9CC-4766-AD96-708E768BBE9F}.Release|x86.Build.0 = Release|Win32
		{393DD49E-58DE-4B21-B604-287B3AFF178D}.Debug|x64.ActiveCfg = Debug|x64
		{393DD49E-58DE-4B21-B604-287B3AFF178D}.Debug|x64.Build.0 = Debug|x64
		{393DD49E-58DE-4B21-B604-287B3AFF178D}.Debug|x86.ActiveCfg = Debug|Win32
		{393DD49E-58DE-4B21-B604-287B3AFF178D}.Debug|x86.Build.0 = Debug|Win32
		{393DD49E-58DE-4B21-B604-287B3AFF178D}.Release|x64.ActiveCfg = Release|x64
		{393DD49E-58DE-4B21-B604-287B3AFF178D}.Release|x64.Build.0 = Release|x64
		{393DD49E-58DE-4B21-B604-287B3AFF178D}.Release|x86.ActiveCfg = Release|Win32
		{393DD49E-58DE-4B21-B604-287B3AFF178D}.Release|x86.Build.0 = Release|Win32
		{319F6E52-A811-4BCB-9DBA-9D345746CCA6}.Debug|x64.ActiveCfg = Debug|x64
		{319F6E52-A811-4BCB-9DBA-9D345746CCA6}.Debug|x64.Build.0 = Debug|x64
		{319F6E52-A811-4BCB-9DBA-9D345746CCA6}.Debug|x86.ActiveCfg = Debug|Win32
		{319F6E52-A811-4BCB-9DBA-9D345746CCA6}.Debug|x86.Build.0 = Debug|Win32
		{319F6E52-A811-4BCB-9DBA-9D345746CCA6}.Release|x64.ActiveCfg = Release|x64
		{319F6E52-A811-4BCB-9DBA-9D345746CCA6}.Release|x64.Build.0 = Release|x64
		{319F6E52-A811-4BCB-9DBA-9D345746CCA6}.Release|x86.ActiveCfg = Release|Win32
		{319F6E52-A811-4BCB-9DBA-9D345746CCA6}.Release|x86.Build.0 = Release|Win32
		{49E82D99-6DDC-4421-A1AF-1A3A2C382CB7}.Debug|x64.ActiveCfg = Debug|x64
		{49E82D99-6DDC-4421-A1AF-1A3A2C382CB7}.Debug|x64.Build.0 = Debug|x64
		{49E82D99-6DDC-4421-A1AF-1A3A2C382CB7}.Debug|x86.ActiveCfg = Debug|Win32
		{49E82D99-6DDC-4421-A1AF-1A3A2C382CB7}.Debug|x86.Build.0 = Debug|Win32
		{49E82D99-6DDC-4421-A1AF-1A3A2C382CB7}.Release|x64.ActiveCfg = Release|x64
		{49E82D99-6DDC-4421-A1AF-1A3A2C382CB7}.Release|x64.Build.0 = Release|x64
		{49E82D99-6DDC-4421-A1AF-1A3A2C382CB7}.Release|x86.ActiveCfg = Release|Win32
		{49E82D99-6DDC-4421-A1AF-1A3A2C382CB7}.Release|x86.Build.0 = Release|Win32
		{5DB8CFA7-A26D-4156-9008-586D0417465E}.Debug|x64.ActiveCfg = Debug|x64
		{5DB8CFA7-A26D-4156-9008-586D0417465E}.Debug|x64.Build.0 = Debug|x64
		{5DB8CFA7-A26D-4156-9008-586D0417465E}.Debug|x86.ActiveCfg = Debug|Win32
		{5DB8CFA7-A26D-4156-9008-586D0417465E}.Debug|x86.Build.0 = Debug|Win32
		{5DB8CFA7-A26D-4156-9008-586D0417465E}.Release|x64.ActiveCfg = Release|x64
		{5DB8CFA7-A26D-4156-9008-586D0417465E}.Release|x64.Build.0 = Release|x64
		{5DB8CFA7-A26D-4156-9008-586D0417465E}.Release|x86.ActiveCfg = Release|Win32
		{5DB8CFA7-A26D-4156-9008-586D0417465E}.Release|x86.Build.0 = Release|Win32
		{82BCC762-C4BF-4142-883B-5EE01371CCE2}.Debug|x64.ActiveCfg = Debug|x64
		{82BCC762-C4BF-4142-883B-5EE01371CCE2}.Debug|x64.Build.0 = Debug|x64
		{82BCC762-C4BF-4142-883B-5EE01371CCE2}.Debug|x86.ActiveCfg = Debug|Win32
		{82BCC762-C4BF-4142-883B-5EE01371CCE2}.Debug|x86.Build.0 = Debug|Win32
		{82BCC762-C4BF-4142-883B-5EE01371CCE2}.Release|x64.ActiveCfg = Release|x64
		{82BCC762-C4BF-4142-883B-5EE01371CCE2}.Release|x64.Build.0 = Release|x64
		{82BCC762-C4BF-4142-883B-5EE01371CCE2}.Release|x86.ActiveCfg = Release|Win32
		{82BCC762-C4BF-4142-883B-5EE01371CCE2}.Release|x86.Build.0 = Release|Win32
		{B13AF7CA-B128-4B00-91DD-AE27424D8804}.Debug|x64.ActiveCfg = Debug|x64
		{B13AF7CA-B128-4B00-91DD-AE27424D8804}.Debug|x64.Build.0 = Debug|x64
		{B13AF7CA-B128-4B00-91DD-AE27424D8804}.Debug|x86.ActiveCfg = Debug|Win32
		{B13AF7CA-B128-4B00-91DD-AE27424D8804}.Debug|x86.Build.0 = Debug|Win32
		{B13AF7CA-B128-4B00-91DD-AE27424D8804}.Release|x64.ActiveCfg = Release|x64
		{B13AF7CA-B128-4B00-91DD-AE27424D8804}.Release|x64.Build.0 = Release|x64
		{B13AF7CA-B128-4B00-91DD-AE27424D8804}.Release|x86.ActiveCfg = Release|Win32
		{B13AF7CA-B128-4B00-91DD-AE27424D8804}.Release|x86.Build.0 = Release|Win32
		{450C3783-9060-4D27-BE3E-2B0A89A014A8}.Debug|x64.ActiveCfg = Debug|x64
		{450C3783-9060-4D27-BE3E-2B0A89A014A8}.Debug|x64.Build.0 = Debug|x64
		{450C3783-9060-4D27-BE3E-2B0A89A014A8}.Debug|x86.ActiveCfg = Debug|Win32
		{450C3783-9060-4D27-BE3E-2B0A89A014A8}.Debug|x86.Build.0 = Debug|Win32
		{450C3783-9060-4D27-BE3E-2B0A89A014A8}.Release|x64.ActiveCfg = Release|x64
		{450C3783-9060-4D27-BE3E-2B0A89A014A8}.Release|x64.Build.0 = Release|x64
		{450C3783-9060-4D27-BE3E-2B0A89A014A8}.Release|x86.ActiveCfg = Release|Win32
		{450C3783-9060-4D27-BE3E-2B0A89A014A8}.Release|x86.Build.0 = Release|Win32
		{36839AE7-EB1C-487B-AB5F-B35E883E2A0F}.Debug|x64.ActiveCfg = Debug|x64
		{36839AE7-EB1C-487B-AB5F-B35E883E2A0F}.Debug|x64.Build.0 = Debug|x64
		{36839AE7-EB1C-487B-AB5F-B35E883E2A0F}.Debug|x86.ActiveCfg = Debug|Win32
		{36839AE7-EB1C-487B-AB5F-B35E883E2A0F}.Debug|x86.Build.0 = Debug|Win32
		{36839AE7-EB1C-487B-AB5F-B35E883E2A0F}.Release|x64.ActiveCfg = Release|x64
		{36839AE7-EB1C-487B-AB5F-B35E883E2A0F}.Release|x64.Build.0 = Release|x64
		{36839AE7-EB1C-487B-AB5F-B35E883E2A0F}.Release|x86.ActiveCfg = Release|Win32
		{36839AE7-EB1C-487B-AB5F-B35E883E2A0F}.Release|x86.Build.0 = Release|Win32
		{D484DBB0-1305-484A-8A3D-7E3379422DAB}.Debug|x64.ActiveCfg = Debug|x64
		{D484DBB0-1305-484A-8A3D-7E3379422DAB}.Debug|x64.Build.0 = Debug|x64
		{D484DBB0-1305-484A-8A3D-7E3379422DAB}.Debug|x86.ActiveCfg = Debug|Win32
		{D484DBB0-1305-484A-8A3D-7E3379422DAB}.Debug|x86.Build.0 = Debug|Win32
		{D484DBB0-1305-484A-8A3D-7E3379422DAB}.Release|x64.ActiveCfg = Release|x64
		{D484DBB0-1305-484A-8A3D-7E3379422DAB}.Release|x64.Build.0 = Release|x64
		{D484DBB0-1305-484A-8A3D-7E3379422DAB}.Release|x86.ActiveCfg = Release|Win32
		{D484DBB0-1305-484A-8A3D-7E3379422DAB}.Release|x86.Build.0 = Release|Win32
		{0B02ED12-FEAD-4B51-AAD7-82D578EE5C6B}.Debug|x64.ActiveCfg = Debug|x64
		{0B02ED12-FEAD-4B51-AAD7-82D578EE5C6B}.Debug|x64.Build.0 = Debug|x64
		{0B02ED12-FEAD-4B51-AAD7-82D578EE5C6B}.Debug|x86.ActiveCfg = Debug|Win32
		{0B02ED12-FEAD-4B51-AAD7-82D578EE5C6B}.Debug|x86.Build.0 = Debug|Win32
		{0B02ED12-FEAD-4B51-AAD7-82D578EE5C6B}.Release|x64.ActiveCfg = Release|x64
		{0B02ED12-FEAD-4B51-AAD7-82D578EE5C6B}.Release|x64.Build.0 = Release|x64
		{0B02ED12-FEAD-4B51-AAD7-82D578EE5C6B}.Release|x86.ActiveCfg = Release|Win32
		{0B02ED12-FEAD-4B51-AAD7-82D578EE5C6B}.Release|x86.Build.0 = Release|Win32
		{CFF2694D-D925-407D-89BF-3AD520DE7C8E}.Debug|x64.ActiveCfg = Debug|x64
		{CFF2694D-D925-407D-89BF-3AD520DE7C8E}.Debug|x64.Build.0 = Debug|x64
		{CFF2694D-D925-407D-89BF-3AD520DE7C8E}.Debug|x86.ActiveCfg = Debug|Win32
		{CFF2694D-D925-407D-89BF-3AD520DE7C8E}.Debug|x86.Build.0 = Debug|Win32
		{CFF2694D-D925-407D-89BF-3AD520DE7C8E}.Release|x64.ActiveCfg = Release|x64
		{CFF2694D-D925-407D-89BF-3AD520DE7C8E}.Release|x64.Build.0 = Release|x64
		{CFF2694D-D925-407D-89BF-3AD520DE7C8E}.Release|x86.ActiveCfg = Release|Win32
		{CFF2694D-D925-407D-89BF-3AD520DE7C8E}.Release|x86.Build.0 = Release|Win32
		{3A407FE5-1DE9-4211-B96A-E7C8EA06AD89}.Debug|x64.ActiveCfg = Debug|x64
		{3A407FE5-1DE9-4211-B96A-E7C8EA06AD89}.Debug|x64.Build.0 = Debug|x64
		{3A407FE5-1DE9-4211-B96A-E7C8EA06AD89}.Debug|x86.ActiveCfg = Debug|Win32
		{3A407FE5-1DE9-4211-B96A-E7C8EA06AD89}.Debug|x86.Build.0 = Debug|Win32
		{3A407FE5-1DE9-4211-B96A-E7C8EA06AD89}.Release|x64.ActiveCfg = Release|x64
		{3A407FE5-1DE9-4211-B96A-E7C8EA06AD89}.Release|x64.Build.0 = Release|x64
		{3A407FE5-1DE9-4211-B96A-E7C8EA06AD89}.Release|x86.ActiveCfg = Release|Win32
		{3A407FE5-1DE9-4211-B96A-E7C8EA06AD89}.Release|x86.Build.0 = Release|Win32
		{9239CA4B-8B93-45C6-95E8-18BAB184D9DC}.Debug|x64.ActiveCfg = Debug|x64
		{9239CA4B-8B93-45C6-95E8-18BAB184D9DC}.Debug|x64.Build.0 = Debug|x64
		{9239CA4B-8B93-45C6-95E8-18BAB184D9DC}.Debug|x86.ActiveCfg = Debug|Win32
		{9239CA4B-8B93-45C6-95E8-18BAB184D9DC}.Debug|x86.Build.0 = Debug|Win32
		{9239CA4B-8B93-45C6-95E8-18BAB184D9DC}.Release|x64.ActiveCfg = Release|x64
		{9239CA4B-8B93-45C6-95E8-18BAB184D9DC}.Release|x64.Build.0 = Release|x64
		{9239CA4B-8B93-45C6-95E8-18BAB184D9DC}.Release|x86.ActiveCfg = Release|Win32
		{9239CA4B-8B93-45C6-95E8-18BAB184D9DC}.Release|x86.Build.0 = Release|Win32
		{64A93823-58C9-4411-914A-EB7AD3210DD5}.Debug|x64.ActiveCfg = Debug|x64
		{64A93823-58C9-4411-914A-EB7AD3210DD5}.Debug|x64.Build.0 = Debug|x64
		{64A93823-58C9-4411-914A-EB7AD3210DD5}.Debug|x86.ActiveCfg = Debug|Win32
		{64A93823-58C9-4411-914A-EB7AD3210DD5}.Debug|x86.Build.0 = Debug|Win32
		{64A93823-58C9-4411-914A-EB7AD3210DD5}.Release|x64.ActiveCfg = Release|x64
		{64A93823-58C9-4411-914A-EB7AD3210DD5}.Release|x64.Build.0 = Release|x64
		{64A93823-58C9-4411-914A-EB7AD3210DD5}.Release|x86.ActiveCfg = Release|Win32
		{64A93823-58C9-4411-914A-EB7AD3210DD5}.Release|x86.Build.0 = Release|Win32
		{8F058993-C0EF-4CB1-90BD-DF3F724B7966}.Debug|x64.ActiveCfg = Debug|x64
		{8F058993-C0EF-4CB1-90BD-DF3F724B7966}.Debug|x64.Build.0 = Debug|x64
		{8F058993-C0EF-4CB1-90BD-DF3F724B7966}.Debug|x86.ActiveCfg = Debug|Win32
		{8F058993-C0EF-4CB1-90BD-DF3F724B7966}.Debug|x86.Build.0 = Debug|Win32
		{8F058993-C0EF-4CB1-90BD-DF3F724B7966}.Release|x64.ActiveCfg = Release|x64
		{8F058993-C0EF-4CB1-90BD-DF3F724B7966}.Release|x64.Build.0 = Release|x64
		{8F058993-C0EF-4CB1-90BD-DF3F724B7966}.Release|x86.ActiveCfg = Release|Win32
		{8F058993-C0EF-4CB1-90BD-DF3F724B7966}.Release|x86.Build.0 = Release|Win32
		{865EBBA5-7590-4445-88E8-1E89E689DA10}.Debug|x64.ActiveCfg = Debug|x64
		{865EBBA5-7590-4445-88E8-1E89E689DA10}.Debug|x64.Build.0 = Debug|x64
		{865EBBA5-7590-4445-88E8-1E89E689DA10}.Debug|x86.ActiveCfg = Debug|Win32
		{865EBBA5-7590-4445-88E8-1E89E689DA10}.Debug|x86.Build.0 = Debug|Win32
		{865EBBA5-7590-4445-88E8-1E89E689DA10}.Release|x64.ActiveCfg = Release|x64
		{865EBBA5-7590-4445-88E8-1E89E689DA10}.Release|x64.Build.0 = Release|x64
		{865EBBA5-7590-4445-88E8-1E89E689DA10}.Release|x86.ActiveCfg = Release|Win32
		{865EBBA5-7590-4445-88E8-1E89E689DA10}.Release|x86.Build.0 = Release|Win32
		{A0D413D9-F4DD-4B25-9688-EA8C8279ACE0}.Debug|x64.ActiveCfg = Debug|x64
		{A0D413D9-F4DD-4B25-9688-EA8C8279ACE0}.Debug|x64.Build.0 = Debug|x64
		{A0D413D9-F4DD-4B25-9688-EA8C8279ACE0}.Debug|x86.ActiveCfg = Debug|Win32
		{A0D413D9-F4DD-4B25-9688-EA8C8279ACE0}.Debug|x86.Build.0 = Debug|Win32
		{A0D413D9-F4DD-4B25-9688-EA8C8279ACE0}.Release|x64.ActiveCfg = Release|x64
		{A0D413D9-F4DD-4B25-9688-EA8C8279ACE0}.Release|x64.Build.0 = Release|x64
		{A0D413D9-F4DD-4B25-9688-EA8C8279ACE0}.Release|x86.ActiveCfg = Release|Win32
		{A0D413D9-F4DD-4B25-9688-EA8C8279ACE0}.Release|x86.Build.0 = Release|Win32
		{DC2CF2C5-1AC0-4462-B1B8-F0C025EB8526}.Debug|x64.ActiveCfg = Debug|x64
		{DC2CF2C5-1AC0-4462-B1B8-F0C025EB8526}.Debug|x64.Build.0 = Debug|x64
		{DC2CF2C5-1AC0-4462-B1B8-F0C025EB8526}.Debug|x86.ActiveCfg = Debug|Win32
		{DC2CF2C5-1AC0-4462-B1B8-F0C025EB8526}.Debug|x86.Build.0 = Debug|Win32
		{DC2CF2C5-1AC0-4462-B1B8-F0C025EB8526}.Release|x64.ActiveCfg = Release|x64
		{DC2CF2C5-1AC0-4462-B1B8-F0C025EB8526}.Release|x64.Build.0 = Release|x64
		{DC2CF2C5-1AC0-4462-B1B8-F0C025EB8526}.Release|x86.ActiveCfg = Release|Win32
		{DC2CF2C5-1AC0-4462-B1B8-F0C025EB8526}.Release|x86.Build.0 = Release|Win32
		{D82391CA-396A-4502-854D-59D6BF18E1A4}.Debug|x64.ActiveCfg = Debug|x64
		{D82391CA-396A-4502-854D-59D6BF18E1A4}.Debug|x64.Build.0 = Debug|x64
		{D82391CA-396A-4502-854D-59D6BF18E1A4}.Debug|x86.ActiveCfg = Debug|Win32
		{D82391CA-396A-4502-854D-59D6BF18E1A4}.Debug|x86.Build.0 = Debug|Win32
		{D82391CA-396A-4502-854D-59D6BF18E1A4}.Release|x64.ActiveCfg = Release|x64
		{D82391CA-396A-4502-854D-59D6BF18E1A4}.Release|x64.Build.0 = Release|x64
		{D82391CA-396A-4502-854D-59D6BF18E1A4}.Release|x86.ActiveCfg = Release|Win32
		{D82391CA-396A-4502-854D-59D6BF18E1A4}.Release|x86.Build.0 = Release|Win32
		{B4695A0D-F4E2-4C30-B295-B205C9A9DE70}.Debug|x64.ActiveCfg = Debug|x64
		{B4695A0D-F4E2-4C30-B295-B205C9A9DE70}.Debug|x64.Build.0 = Debug|x64
		{B4695A0D-F4E2-4C30-B295-B205C9A9DE70}.Debug|x86.ActiveCfg = Debug|Win32
		{B4695A0D-F4E2-4C30-B295-B205C9A9DE70}.Debug|x86.Build.0 = Debug|Win32
		{B4695A0D-F4E2-4C30-B295-B205C9A9DE70}.Release|x64.ActiveCfg = Release|x64
		{B4695A0D-F4E2-4C30-B295-B205C9A9DE70}.Release|x64.Build.0 = Release|x64
		{B4695A0D-F4E2-4C30-B295-B205C9A9DE70}.Release|x86.ActiveCfg = Release|Win32
		{B4695A0D-F4E2-4C30-B295-B205C9A9DE70}.Release|x86.Build.0 = Release|Win32
		{504957AE-5D7E-46E4-BD91-8713A58A3BE6}.Debug|x64.ActiveCfg = Debug|x64
		{504957AE-5D7E-46E4-BD91-8713A58A3BE6}.Debug|x64.Build.0 = Debug|x64
		{504957AE-5D7E-46E4-BD91-8713A58A3BE6}.Debug|x86.ActiveCfg = Debug|Win32
		{504957AE-5D7E-46E4-BD91-8713A58A3BE6}.Debug|x86.Build.0 = Debug|Win32
		{504957AE-5D7E-46E4-BD91-8713A58A3BE6}.Release|x64.ActiveCfg = Release|x64
		{504957AE-5D7E-46E4-BD91-8713A58A3BE6}.Release|x64.Build.0 = Release|x64
		{504957AE-5D7E-46E4-BD91-8713A58A3BE6}.Release|x86.ActiveCfg = Release|Win32
		{504957AE-5D7E-46E4-BD91-8713A58A3BE6}.Release|x86.Build.0 = Release|Win32
		{3C9058D3-F1A7-455B-9519-10941AD53454}.Debug|x64.ActiveCfg = Debug|x64
		{3C9058D3-F1A7-455B-9519-10941AD53454}.Debug|x64.Build.0 = Debug|x64
		{3C9058D3-F1A7-455B-9519-10941AD53454}.Debug|x86.ActiveCfg = Debug|Win32
		{3C9058D3-F1A7-455B-9519-10941AD53454}.Debug|x86.Build.0 = Debug|Win32
		{3C9058D3-F1A7-455B-9519-10941AD53454}.Release|x64.ActiveCfg = Release|x64
		{3C9058D3-F1A7-455B-9519-10941AD53454}.Release|x64.Build.0 = Release|x64
		{3C9058D3-F1A7-455B-9519-10941AD53454}.Release|x86.ActiveCfg = Release|Win32
		{3C9058D3-F1A7-455B-9519-10941AD53454}.Release|x86.Build.0 = Release|Win32
		{8E55F051-FCD3-4642-96DD-FFDC119E0CDC}.Debug|x64.ActiveCfg = Debug|x64
		{8E55F051-FCD3-4642-96DD-FFDC119E0CDC}.Debug|x64.Build.0 = Debug|x64
		{8E55F051-FCD3-4642-96DD-FFDC119E0CDC}.Debug|x86.ActiveCfg = Debug|Win32
		{8E55F051-FCD3-4642-96DD-FFDC119E0CDC}.Debug|x86.Build.0 = Debug|Win32
		{8E55F051-FCD3-4642-96DD-FFDC119E0CDC}.Release|x64.ActiveCfg = Release|x64
		{8E55F051-FCD3-4642-96DD-FFDC119E0CDC}.Release|x64.Build.0 = Release|x64
		{8E55F051-FCD3-4642-96DD-FFDC119E0CDC}.Release|x86.ActiveCfg = Release|Win32
		{8E55F051-FCD3-4642-96DD-FFDC119E0CDC}.Release|x86.Build.0 = Release|Win32
		{D136251A-5ECF-4A38-AFF5-99D96D5EDA6A}.Debug|x64.ActiveCfg = Debug|x64
		{D136251A-5ECF-4A38-AFF5-99D96D5EDA6A}.Debug|x64.Build.0 = Debug|x64
		{D136251A-5ECF-4A38-AFF5-99D96D5EDA6A}.Debug|x86.ActiveCfg = Debug|Win32
		{D136251A-5ECF-4A38-AFF5-99D96D5EDA6A}.Debug|x86.Build.0 = Debug|Win32
		{D136251A-5ECF-4A38-AFF5-99D96D5EDA6A}.Release|x64.ActiveCfg = Release|x64
		{D136251A-5ECF-4A38-AFF5-99D96D5EDA6A}.Release|x64.Build.0 = Release|x64
		{D136251A-5ECF-4A38-AFF5-99D96D5EDA6A}.Release|x86.ActiveCfg = Release|Win32
		{D136251A-5ECF-4A38-AFF5-99D96D5EDA6A}.Release|x86.Build.0 = Release|Win32
		{7D4E3114-E798-476D-B9F4-4AEB26C768AA}.Debug|x64.ActiveCfg = Debug|x64
		{7D4E3114-E798-476D-B9F4-4AEB26C768AA}.Debug|x64.Build.0 = Debug|x64
		{7D4E3114-E798-476D-B9F4-4AEB26C768AA}.Debug|x86.ActiveCfg = Debug|Win32
		{7D4E3114-E798-476D-B9F4-4AEB26C768AA}.Debug|x86.Build.0 = Debug|Win32
		{7D4E3114-E798-476D-B9F4-4AEB26C768AA}.Release|x64.ActiveCfg = Release|x64
		{7D4E3114-E798-476D-B9F4-4AEB26C768AA}.Release|x64.Build.0 = Release|x64
		{7D4E3114-E798-476D-B9F4-4AEB26C768AA}.Release|x86.ActiveCfg = Release|Win32
		{7D4E3114-E798-476D-B9F4-4AEB26C768AA}.Release|x86.Build.0 = Release|Win32
	EndGlobalSection
	GlobalSection(SolutionProperties) = preSolution
		HideSolutionNode = FALSE
	EndGlobalSection
	GlobalSection(ExtensibilityGlobals) = postSolution
		SolutionGuid = {B8BDEABA-1767-41C8-BC9D-738C051E9B7F}
	EndGlobalSection
EndGlobal
